{
  "name": "@hubot-friends/hubot-templating",
  "version": "0.0.0-development",
  "lockfileVersion": 3,
  "requires": true,
  "packages": {
    "": {
      "name": "@hubot-friends/hubot-templating",
      "version": "0.0.0-development",
      "engines": {
        "node": ">=20"
      }
    }
  }
}
